
Microsoft Visual Studio Solution File, Format Version 12.00
# Visual Studio 14
VisualStudioVersion = 14.0.25123.0
MinimumVisualStudioVersion = 10.0.40219.1
Project("{FAE04EC0-301F-11D3-BF4B-00C04F79EFBC}") = "Cake.Github", "Cake.Github\Cake.Github.csproj", "{C45FBFF1-3895-4AB9-9988-DB8311B11535}"
EndProject
Project("{FAE04EC0-301F-11D3-BF4B-00C04F79EFBC}") = "Cake.Github.Tests", "Cake.Github.Tests\Cake.Github.Tests.csproj", "{31A789FA-D06D-4DCD-B8FA-661BA5C5EE44}"
EndProject
Global
	GlobalSection(SolutionConfigurationPlatforms) = preSolution
		Debug|Any CPU = Debug|Any CPU
		Release|Any CPU = Release|Any CPU
	EndGlobalSection
	GlobalSection(ProjectConfigurationPlatforms) = postSolution
		{C45FBFF1-3895-4AB9-9988-DB8311B11535}.Debug|Any CPU.ActiveCfg = Debug|Any CPU
		{C45FBFF1-3895-4AB9-9988-DB8311B11535}.Debug|Any CPU.Build.0 = Debug|Any CPU
		{C45FBFF1-3895-4AB9-9988-DB8311B11535}.Release|Any CPU.ActiveCfg = Release|Any CPU
		{C45FBFF1-3895-4AB9-9988-DB8311B11535}.Release|Any CPU.Build.0 = Release|Any CPU
		{31A789FA-D06D-4DCD-B8FA-661BA5C5EE44}.Debug|Any CPU.ActiveCfg = Debug|Any CPU
		{31A789FA-D06D-4DCD-B8FA-661BA5C5EE44}.Debug|Any CPU.Build.0 = Debug|Any CPU
		{31A789FA-D06D-4DCD-B8FA-661BA5C5EE44}.Release|Any CPU.ActiveCfg = Release|Any CPU
		{31A789FA-D06D-4DCD-B8FA-661BA5C5EE44}.Release|Any CPU.Build.0 = Release|Any CPU
	EndGlobalSection
	GlobalSection(SolutionProperties) = preSolution
		HideSolutionNode = FALSE
	EndGlobalSection
EndGlobal
